// !$*UTF8*$!
{
	archiveVersion = 1;
	classes = {
	};
	objectVersion = 50;
	objects = {

/* Begin PBXBuildFile section */
		145CA4B6220F5104009FA75B /* AppDelegate.swift in Sources */ = {isa = PBXBuildFile; fileRef = 145CA4B5220F5104009FA75B /* AppDelegate.swift */; };
		145CA4B8220F5104009FA75B /* ViewController.swift in Sources */ = {isa = PBXBuildFile; fileRef = 145CA4B7220F5104009FA75B /* ViewController.swift */; };
		145CA4BB220F5104009FA75B /* Main.storyboard in Resources */ = {isa = PBXBuildFile; fileRef = 145CA4B9220F5104009FA75B /* Main.storyboard */; };
		145CA4BD220F5105009FA75B /* Assets.xcassets in Resources */ = {isa = PBXBuildFile; fileRef = 145CA4BC220F5105009FA75B /* Assets.xcassets */; };
		145CA4C0220F5105009FA75B /* LaunchScreen.storyboard in Resources */ = {isa = PBXBuildFile; fileRef = 145CA4BE220F5105009FA75B /* LaunchScreen.storyboard */; };
		145CA4C8220F511C009FA75B /* CoffeeMachine.swift in Sources */ = {isa = PBXBuildFile; fileRef = 145CA4C7220F511C009FA75B /* CoffeeMachine.swift */; };
/* End PBXBuildFile section */

/* Begin PBXFileReference section */
		145CA4B2220F5104009FA75B /* CoffeeMachine.app */ = {isa = PBXFileReference; explicitFileType = wrapper.application; includeInIndex = 0; path = CoffeeMachine.app; sourceTree = BUILT_PRODUCTS_DIR; };
		145CA4B5220F5104009FA75B /* AppDelegate.swift */ = {isa = PBXFileReference; lastKnownFileType = sourcecode.swift; path = AppDelegate.swift; sourceTree = "<group>"; };
		145CA4B7220F5104009FA75B /* ViewController.swift */ = {isa = PBXFileReference; lastKnownFileType = sourcecode.swift; path = ViewController.swift; sourceTree = "<group>"; };
		145CA4BA220F5104009FA75B /* Base */ = {isa = PBXFileReference; lastKnownFileType = file.storyboard; name = Base; path = Base.lproj/Main.storyboard; sourceTree = "<group>"; };
		145CA4BC220F5105009FA75B /* Assets.xcassets */ = {isa = PBXFileReference; lastKnownFileType = folder.assetcatalog; path = Assets.xcassets; sourceTree = "<group>"; };
		145CA4BF220F5105009FA75B /* Base */ = {isa = PBXFileReference; lastKnownFileType = file.storyboard; name = Base; path = Base.lproj/LaunchScreen.storyboard; sourceTree = "<group>"; };
		145CA4C1220F5105009FA75B /* Info.plist */ = {isa = PBXFileReference; lastKnownFileType = text.plist.xml; path = Info.plist; sourceTree = "<group>"; };
		145CA4C7220F511C009FA75B /* CoffeeMachine.swift */ = {isa = PBXFileReference; lastKnownFileType = sourcecode.swift; path = CoffeeMachine.swift; sourceTree = "<group>"; };
/* End PBXFileReference section */

/* Begin PBXFrameworksBuildPhase section */
		145CA4AF220F5104009FA75B /* Frameworks */ = {
			isa = PBXFrameworksBuildPhase;
			buildActionMask = 2147483647;
			files = (
			);
			runOnlyForDeploymentPostprocessing = 0;
		};
/* End PBXFrameworksBuildPhase section */

/* Begin PBXGroup section */
		145CA4A9220F5104009FA75B = {
			isa = PBXGroup;
			children = (
				145CA4B4220F5104009FA75B /* CoffeeMachine */,
				145CA4B3220F5104009FA75B /* Products */,
			);
			sourceTree = "<group>";
		};
		145CA4B3220F5104009FA75B /* Products */ = {
			isa = PBXGroup;
			children = (
				145CA4B2220F5104009FA75B /* CoffeeMachine.app */,
			);
			name = Products;
			sourceTree = "<group>";
		};
		145CA4B4220F5104009FA75B /* CoffeeMachine */ = {
			isa = PBXGroup;
			children = (
				145CA4B5220F5104009FA75B /* AppDelegate.swift */,
				145CA4B7220F5104009FA75B /* ViewController.swift */,
				145CA4C7220F511C009FA75B /* CoffeeMachine.swift */,
				145CA4B9220F5104009FA75B /* Main.storyboard */,
				145CA4BC220F5105009FA75B /* Assets.xcassets */,
				145CA4BE220F5105009FA75B /* LaunchScreen.storyboard */,
				145CA4C1220F5105009FA75B /* Info.plist */,
			);
			path = CoffeeMachine;
			sourceTree = "<group>";
		};
/* End PBXGroup section */

/* Begin PBXNativeTarget section */
		145CA4B1220F5104009FA75B /* CoffeeMachine */ = {
			isa = PBXNativeTarget;
			buildConfigurationList = 145CA4C4220F5105009FA75B /* Build configuration list for PBXNativeTarget "CoffeeMachine" */;
			buildPhases = (
				145CA4AE220F5104009FA75B /* Sources */,
				145CA4AF220F5104009FA75B /* Frameworks */,
				145CA4B0220F5104009FA75B /* Resources */,
			);
			buildRules = (
			);
			dependencies = (
			);
			name = CoffeeMachine;
			productName = CoffeeMachine;
			productReference = 145CA4B2220F5104009FA75B /* CoffeeMachine.app */;
			productType = "com.apple.product-type.application";
		};
/* End PBXNativeTarget section */

/* Begin PBXProject section */
		145CA4AA220F5104009FA75B /* Project object */ = {
			isa = PBXProject;
			attributes = {
				LastSwiftUpdateCheck = 1000;
				LastUpgradeCheck = 1000;
				ORGANIZATIONNAME = "Dasha Chastokolenko";
				TargetAttributes = {
					145CA4B1220F5104009FA75B = {
						CreatedOnToolsVersion = 10.0;
					};
				};
			};
			buildConfigurationList = 145CA4AD220F5104009FA75B /* Build configuration list for PBXProject "CoffeeMachine" */;
			compatibilityVersion = "Xcode 9.3";
			developmentRegion = en;
			hasScannedForEncodings = 0;
			knownRegions = (
				en,
				Base,
			);
			mainGroup = 145CA4A9220F5104009FA75B;
			productRefGroup = 145CA4B3220F5104009FA75B /* Products */;
			projectDirPath = "";
			projectRoot = "";
			targets = (
				145CA4B1220F5104009FA75B /* CoffeeMachine */,
			);
		};
/* End PBXProject section */

/* Begin PBXResourcesBuildPhase section */
		145CA4B0220F5104009FA75B /* Resources */ = {
			isa = PBXResourcesBuildPhase;
			buildActionMask = 2147483647;
			files = (
				145CA4C0220F5105009FA75B /* LaunchScreen.storyboard in Resources */,
				145CA4BD220F5105009FA75B /* Assets.xcassets in Resources */,
				145CA4BB220F5104009FA75B /* Main.storyboard in Resources */,
			);
			runOnlyForDeploymentPostprocessing = 0;
		};
/* End PBXResourcesBuildPhase section */

/* Begin PBXSourcesBuildPhase section */
		145CA4AE220F5104009FA75B /* Sources */ = {
			isa = PBXSourcesBuildPhase;
			buildActionMask = 2147483647;
			files = (
				145CA4B8220F5104009FA75B /* ViewController.swift in Sources */,
				145CA4B6220F5104009FA75B /* AppDelegate.swift in Sources */,
				145CA4C8220F511C009FA75B /* CoffeeMachine.swift in Sources */,
			);
			runOnlyForDeploymentPostprocessing = 0;
		};
/* End PBXSourcesBuildPhase section */

/* Begin PBXVariantGroup section */
		145CA4B9220F5104009FA75B /* Main.storyboard */ = {
			isa = PBXVariantGroup;
			children = (
				145CA4BA220F5104009FA75B /* Base */,
			);
			name = Main.storyboard;
			sourceTree = "<group>";
		};
		145CA4BE220F5105009FA75B /* LaunchScreen.storyboard */ = {
			isa = PBXVariantGroup;
			children = (
				145CA4BF220F5105009FA75B /* Base */,
			);
			name = LaunchScreen.storyboard;
			sourceTree = "<group>";
		};
/* End PBXVariantGroup section */

/* Begin XCBuildConfiguration section */
		145CA4C2220F5105009FA75B /* Debug */ = {
			isa = XCBuildConfiguration;
			buildSettings = {
				ALWAYS_SEARCH_USER_PATHS = NO;
				CLANG_ANALYZER_NONNULL = YES;
				CLANG_ANALYZER_NUMBER_OBJECT_CONVERSION = YES_AGGRESSIVE;
				CLANG_CXX_LANGUAGE_STANDARD = "gnu++14";
				CLANG_CXX_LIBRARY = "libc++";
				CLANG_ENABLE_MODULES = YES;
				CLANG_ENABLE_OBJC_ARC = YES;
				CLANG_ENABLE_OBJC_WEAK = YES;
				CLANG_WARN_BLOCK_CAPTURE_AUTORELEASING = YES;
				CLANG_WARN_BOOL_CONVERSION = YES;
				CLANG_WARN_COMMA = YES;
				CLANG_WARN_CONSTANT_CONVERSION = YES;
				CLANG_WARN_DEPRECATED_OBJC_IMPLEMENTATIONS = YES;
				CLANG_WARN_DIRECT_OBJC_ISA_USAGE = YES_ERROR;
				CLANG_WARN_DOCUMENTATION_COMMENTS = YES;
				CLANG_WARN_EMPTY_BODY = YES;
				CLANG_WARN_ENUM_CONVERSION = YES;
				CLANG_WARN_INFINITE_RECURSION = YES;
				CLANG_WARN_INT_CONVERSION = YES;
				CLANG_WARN_NON_LITERAL_NULL_CONVERSION = YES;
				CLANG_WARN_OBJC_IMPLICIT_RETAIN_SELF = YES;
				CLANG_WARN_OBJC_LITERAL_CONVERSION = YES;
				CLANG_WARN_OBJC_ROOT_CLASS = YES_ERROR;
				CLANG_WARN_RANGE_LOOP_ANALYSIS = YES;
				CLANG_WARN_STRICT_PROTOTYPES = YES;
				CLANG_WARN_SUSPICIOUS_MOVE = YES;
				CLANG_WARN_UNGUARDED_AVAILABILITY = YES_AGGRESSIVE;
				CLANG_WARN_UNREACHABLE_CODE = YES;
				CLANG_WARN__DUPLICATE_METHOD_MATCH = YES;
				CODE_SIGN_IDENTITY = "iPhone Developer";
				COPY_PHASE_STRIP = NO;
				DEBUG_INFORMATION_FORMAT = dwarf;
				ENABLE_STRICT_OBJC_MSGSEND = YES;
				ENABLE_TESTABILITY = YES;
				GCC_C_LANGUAGE_STANDARD = gnu11;
				GCC_DYNAMIC_NO_PIC = NO;
				GCC_NO_COMMON_BLOCKS = YES;
				GCC_OPTIMIZATION_LEVEL = 0;
				GCC_PREPROCESSOR_DEFINITIONS = (
					"DEBUG=1",
					"$(inherited)",
				);
				GCC_WARN_64_TO_32_BIT_CONVERSION = YES;
				GCC_WARN_ABOUT_RETURN_TYPE = YES_ERROR;
				GCC_WARN_UNDECLARED_SELECTOR = YES;
				GCC_WARN_UNINITIALIZED_AUTOS = YES_AGGRESSIVE;
				GCC_WARN_UNUSED_FUNCTION = YES;
				GCC_WARN_UNUSED_VARIABLE = YES;
				IPHONEOS_DEPLOYMENT_TARGET = 12.0;
				MTL_ENABLE_DEBUG_INFO = INCLUDE_SOURCE;
				MTL_FAST_MATH = YES;
				ONLY_ACTIVE_ARCH = YES;
				SDKROOT = iphoneos;
				SWIFT_ACTIVE_COMPILATION_CONDITIONS = DEBUG;
				SWIFT_OPTIMIZATION_LEVEL = "-Onone";
			};
			name = Debug;
		};
		145CA4C3220F5105009FA75B /* Release */ = {
			isa = XCBuildConfiguration;
			buildSettings = {
				ALWAYS_SEARCH_USER_PATHS = NO;
				CLANG_ANALYZER_NONNULL = YES;
				CLANG_ANALYZER_NUMBER_OBJECT_CONVERSION = YES_AGGRESSIVE;
				CLANG_CXX_LANGUAGE_STANDARD = "gnu++14";
				CLANG_CXX_LIBRARY = "libc++";
				CLANG_ENABLE_MODULES = YES;
				CLANG_ENABLE_OBJC_ARC = YES;
				CLANG_ENABLE_OBJC_WEAK = YES;
				CLANG_WARN_BLOCK_CAPTURE_AUTORELEASING = YES;
				CLANG_WARN_BOOL_CONVERSION = YES;
				CLANG_WARN_COMMA = YES;
				CLANG_WARN_CONSTANT_CONVERSION = YES;
				CLANG_WARN_DEPRECATED_OBJC_IMPLEMENTATIONS = YES;
				CLANG_WARN_DIRECT_OBJC_ISA_USAGE = YES_ERROR;
				CLANG_WARN_DOCUMENTATION_COMMENTS = YES;
				CLANG_WARN_EMPTY_BODY = YES;
				CLANG_WARN_ENUM_CONVERSION = YES;
				CLANG_WARN_INFINITE_RECURSION = YES;
				CLANG_WARN_INT_CONVERSION = YES;
				CLANG_WARN_NON_LITERAL_NULL_CONVERSION = YES;
				CLANG_WARN_OBJC_IMPLICIT_RETAIN_SELF = YES;
				CLANG_WARN_OBJC_LITERAL_CONVERSION = YES;
				CLANG_WARN_OBJC_ROOT_CLASS = YES_ERROR;
				CLANG_WARN_RANGE_LOOP_ANALYSIS = YES;
				CLANG_WARN_STRICT_PROTOTYPES = YES;
				CLANG_WARN_SUSPICIOUS_MOVE = YES;
				CLANG_WARN_UNGUARDED_AVAILABILITY = YES_AGGRESSIVE;
				CLANG_WARN_UNREACHABLE_CODE = YES;
				CLANG_WARN__DUPLICATE_METHOD_MATCH = YES;
				CODE_SIGN_IDENTITY = "iPhone Developer";
				COPY_PHASE_STRIP = NO;
				DEBUG_INFORMATION_FORMAT = "dwarf-with-dsym";
				ENABLE_NS_ASSERTIONS = NO;
				ENABLE_STRICT_OBJC_MSGSEND = YES;
				GCC_C_LANGUAGE_STANDARD = gnu11;
				GCC_NO_COMMON_BLOCKS = YES;
				GCC_WARN_64_TO_32_BIT_CONVERSION = YES;
				GCC_WARN_ABOUT_RETURN_TYPE = YES_ERROR;
				GCC_WARN_UNDECLARED_SELECTOR = YES;
				GCC_WARN_UNINITIALIZED_AUTOS = YES_AGGRESSIVE;
				GCC_WARN_UNUSED_FUNCTION = YES;
				GCC_WARN_UNUSED_VARIABLE = YES;
				IPHONEOS_DEPLOYMENT_TARGET = 12.0;
				MTL_ENABLE_DEBUG_INFO = NO;
				MTL_FAST_MATH = YES;
				SDKROOT = iphoneos;
				SWIFT_COMPILATION_MODE = wholemodule;
				SWIFT_OPTIMIZATION_LEVEL = "-O";
				VALIDATE_PRODUCT = YES;
			};
			name = Release;
		};
		145CA4C5220F5105009FA75B /* Debug */ = {
			isa = XCBuildConfiguration;
			buildSettings = {
				ASSETCATALOG_COMPILER_APPICON_NAME = AppIcon;
				CODE_SIGN_STYLE = Automatic;
				INFOPLIST_FILE = CoffeeMachine/Info.plist;
				LD_RUNPATH_SEARCH_PATHS = (
					"$(inherited)",
					"@executable_path/Frameworks",
				);
				PRODUCT_BUNDLE_IDENTIFIER = darya.CoffeeMachine;
				PRODUCT_NAME = "$(TARGET_NAME)";
				SWIFT_VERSION = 4.2;
				TARGETED_DEVICE_FAMILY = "1,2";
			};
			name = Debug;
		};
		145CA4C6220F5105009FA75B /* Release */ = {
			isa = XCBuildConfiguration;
			buildSettings = {
				ASSETCATALOG_COMPILER_APPICON_NAME = AppIcon;
				CODE_SIGN_STYLE = Automatic;
				INFOPLIST_FILE = CoffeeMachine/Info.plist;
				LD_RUNPATH_SEARCH_PATHS = (
					"$(inherited)",
					"@executable_path/Frameworks",
				);
				PRODUCT_BUNDLE_IDENTIFIER = darya.CoffeeMachine;
				PRODUCT_NAME = "$(TARGET_NAME)";
				SWIFT_VERSION = 4.2;
				TARGETED_DEVICE_FAMILY = "1,2";
			};
			name = Release;
		};
/* End XCBuildConfiguration section */

/* Begin XCConfigurationList section */
		145CA4AD220F5104009FA75B /* Build configuration list for PBXProject "CoffeeMachine" */ = {
			isa = XCConfigurationList;
			buildConfigurations = (
				145CA4C2220F5105009FA75B /* Debug */,
				145CA4C3220F5105009FA75B /* Release */,
			);
			defaultConfigurationIsVisible = 0;
			defaultConfigurationName = Release;
		};
		145CA4C4220F5105009FA75B /* Build configuration list for PBXNativeTarget "CoffeeMachine" */ = {
			isa = XCConfigurationList;
			buildConfigurations = (
				145CA4C5220F5105009FA75B /* Debug */,
				145CA4C6220F5105009FA75B /* Release */,
			);
			defaultConfigurationIsVisible = 0;
			defaultConfigurationName = Release;
		};
/* End XCConfigurationList section */
	};
	rootObject = 145CA4AA220F5104009FA75B /* Project object */;
}
